github.com/Masterminds/semver/v3 v3.3.1 h1:QtNSWtVZ3nBfk8mAOu/B6v7FMJ+NHTIgUPi7rj+4nv4=
github.com/Masterminds/semver/v3 v3.3.1/go.mod h1:4V+yj/TJE1HU9XfppCwVMZq3I84lprf4nC11bSS5beM=
github.com/aws/aws-cdk-go/awscdk v1.204.0-devpreview h1:t3TI4mtmRQlUF5OceL3zhhTlz1RtFMMbsWQ1oMrAsWg=
github.com/aws/aws-cdk-go/awscdk v1.204.0-devpreview/go.mod h1:ZAyiU+hVHfDS6Vvxf1ljmwawmA5Ri6FUay6M04+93pk=
github.com/aws/aws-cdk-go/awscdk/v2 v2.180.0 h1:I6Oop6dOSOb3fdpXZpQr3PzV5uggoYdhNwwmZZZECmA=
github.com/aws/aws-cdk-go/awscdk/v2 v2.180.0/go.mod h1:CH/Wgsf3oZYZWYXVaYw4Bg3/C6X8k6y0Cc8PFCx/dCw=
github.com/aws/constructs-go/constructs/v10 v10.4.2 h1:+hDLTsFGLJmKIn0Dg20vWpKBrVnFrEWYgTEY5UiTEG8=
github.com/aws/constructs-go/constructs/v10 v10.4.2/go.mod h1:cXsNCKDV+9eR9zYYfwy6QuE4uPFp6jsq6TtH1MwBx9w=
github.com/aws/constructs-go/constructs/v3 v3.4.232 h1:YLw1wSu8/qqmacsZWPXI+qFNu4ml2YZwtRZHL2gaB8M=
github.com/aws/constructs-go/constructs/v3 v3.4.232/go.mod h1:ejR5Hd2llgfqo68taM7H/hnri4hrHObbsqbT6YySLMI=
github.com/aws/jsii-runtime-go v1.106.0 h1:wClD7enF+FOGR6l2TQ6STcE1nEIVKdODbipl5ZrbyC8=
github.com/aws/jsii-runtime-go v1.106.0/go.mod h1:HMdZwwcI8gpwetrneEa/RUkefS194IeCeh8eJQP3xSk=
github.com/cdklabs/awscdk-asset-awscli-go/awscliv1/v2 v2.2.220 h1:8sOILP+wb2RZtn3QG/2PGljR9SXPUTBdwkO4cXqTgWI=
github.com/cdklabs/awscdk-asset-awscli-go/awscliv1/v2 v2.2.220/go.mod h1:UbBr6nzti67wv3GWNg5R6RhxHLOEq3JI04tq/5u2+dQ=
github.com/cdklabs/awscdk-asset-node-proxy-agent-go/nodeproxyagentv6/v2 v2.1.0 h1:kElXjprC8wkpJu58vp+WFH6z0AJw4zitg5iSKJPKe3c=
github.com/cdklabs/awscdk-asset-node-proxy-agent-go/nodeproxyagentv6/v2 v2.1.0/go.mod h1:JY4UnvNa1YDGQ4H5wohXTHl6YVY3uCDUWl4JYUrQfb8=
github.com/cdklabs/cloud-assembly-schema-go/awscdkcloudassemblyschema/v39 v39.2.4 h1:jrflzAArNxcWRAV1QwxXt/LFXE82lZYYY0SOt4Uakgc=
github.com/cdklabs/cloud-assembly-schema-go/awscdkcloudassemblyschema/v39 v39.2.4/go.mod h1:9QiFxM66GW99YsAIO06RSB2xge7wUs97jNzMOevksc0=
github.com/pmezard/go-difflib v1.0.0/go.mod h1:iKH77koFhYxTK1pcRnkKkqfTogsbg7gZNVY4sRDYZ/4=
golang.org/x/tools v0.30.0 h1:BgcpHewrV5AUp2G9MebG4XPFI1E2W41zU1SaqVA9vJY=
golang.org/x/tools v0.30.0/go.mod h1:c347cR/OJfw5TI+GfX7RUPNMdDRRbjvYTS0jPyvsVtY=
